// !$*UTF8*$!
{
	archiveVersion = 1;
	classes = {
	};
	objectVersion = 56;
	objects = {

/* Begin PBXBuildFile section */
		F5022D8B29D74D470030F85F /* uikit.swift in Sources */ = {isa = PBXBuildFile; fileRef = F5022D8A29D74D470030F85F /* uikit.swift */; };
		F55F897C29D4C6EC006458E0 /* AIChatAppApp.swift in Sources */ = {isa = PBXBuildFile; fileRef = F55F897B29D4C6EC006458E0 /* AIChatAppApp.swift */; };
		F55F897E29D4C6EC006458E0 /* ContentView.swift in Sources */ = {isa = PBXBuildFile; fileRef = F55F897D29D4C6EC006458E0 /* ContentView.swift */; };
		F55F898029D4C6EE006458E0 /* Assets.xcassets in Resources */ = {isa = PBXBuildFile; fileRef = F55F897F29D4C6EE006458E0 /* Assets.xcassets */; };
		F55F898329D4C6EE006458E0 /* Preview Assets.xcassets in Resources */ = {isa = PBXBuildFile; fileRef = F55F898229D4C6EE006458E0 /* Preview Assets.xcassets */; };
		F55F898D29D4C6EE006458E0 /* AIChatAppTests.swift in Sources */ = {isa = PBXBuildFile; fileRef = F55F898C29D4C6EE006458E0 /* AIChatAppTests.swift */; };
		F55F899729D4C6EE006458E0 /* AIChatAppUITests.swift in Sources */ = {isa = PBXBuildFile; fileRef = F55F899629D4C6EE006458E0 /* AIChatAppUITests.swift */; };
		F55F899929D4C6EE006458E0 /* AIChatAppUITestsLaunchTests.swift in Sources */ = {isa = PBXBuildFile; fileRef = F55F899829D4C6EE006458E0 /* AIChatAppUITestsLaunchTests.swift */; };
		F5B7895F29D4C7A400396416 /* OpenAISwift in Frameworks */ = {isa = PBXBuildFile; productRef = F5B7895E29D4C7A400396416 /* OpenAISwift */; };
/* End PBXBuildFile section */

/* Begin PBXContainerItemProxy section */
		F55F898929D4C6EE006458E0 /* PBXContainerItemProxy */ = {
			isa = PBXContainerItemProxy;
			containerPortal = F55F897029D4C6EC006458E0 /* Project object */;
			proxyType = 1;
			remoteGlobalIDString = F55F897729D4C6EC006458E0;
			remoteInfo = AIChatApp;
		};
		F55F899329D4C6EE006458E0 /* PBXContainerItemProxy */ = {
			isa = PBXContainerItemProxy;
			containerPortal = F55F897029D4C6EC006458E0 /* Project object */;
			proxyType = 1;
			remoteGlobalIDString = F55F897729D4C6EC006458E0;
			remoteInfo = AIChatApp;
		};
/* End PBXContainerItemProxy section */

/* Begin PBXFileReference section */
		F5022D8A29D74D470030F85F /* uikit.swift */ = {isa = PBXFileReference; lastKnownFileType = sourcecode.swift; path = uikit.swift; sourceTree = "<group>"; };
		F55F897829D4C6EC006458E0 /* Money Chat.app */ = {isa = PBXFileReference; explicitFileType = wrapper.application; includeInIndex = 0; path = "Money Chat.app"; sourceTree = BUILT_PRODUCTS_DIR; };
		F55F897B29D4C6EC006458E0 /* AIChatAppApp.swift */ = {isa = PBXFileReference; lastKnownFileType = sourcecode.swift; path = AIChatAppApp.swift; sourceTree = "<group>"; };
		F55F897D29D4C6EC006458E0 /* ContentView.swift */ = {isa = PBXFileReference; lastKnownFileType = sourcecode.swift; path = ContentView.swift; sourceTree = "<group>"; };
		F55F897F29D4C6EE006458E0 /* Assets.xcassets */ = {isa = PBXFileReference; lastKnownFileType = folder.assetcatalog; path = Assets.xcassets; sourceTree = "<group>"; };
		F55F898229D4C6EE006458E0 /* Preview Assets.xcassets */ = {isa = PBXFileReference; lastKnownFileType = folder.assetcatalog; path = "Preview Assets.xcassets"; sourceTree = "<group>"; };
		F55F898829D4C6EE006458E0 /* Money Chat.xctest */ = {isa = PBXFileReference; explicitFileType = wrapper.cfbundle; includeInIndex = 0; path = "Money Chat.xctest"; sourceTree = BUILT_PRODUCTS_DIR; };
		F55F898C29D4C6EE006458E0 /* AIChatAppTests.swift */ = {isa = PBXFileReference; lastKnownFileType = sourcecode.swift; path = AIChatAppTests.swift; sourceTree = "<group>"; };
		F55F899229D4C6EE006458E0 /* Money ChatUITests.xctest */ = {isa = PBXFileReference; explicitFileType = wrapper.cfbundle; includeInIndex = 0; path = "Money ChatUITests.xctest"; sourceTree = BUILT_PRODUCTS_DIR; };
		F55F899629D4C6EE006458E0 /* AIChatAppUITests.swift */ = {isa = PBXFileReference; lastKnownFileType = sourcecode.swift; path = AIChatAppUITests.swift; sourceTree = "<group>"; };
		F55F899829D4C6EE006458E0 /* AIChatAppUITestsLaunchTests.swift */ = {isa = PBXFileReference; lastKnownFileType = sourcecode.swift; path = AIChatAppUITestsLaunchTests.swift; sourceTree = "<group>"; };
/* End PBXFileReference section */

/* Begin PBXFrameworksBuildPhase section */
		F55F897529D4C6EC006458E0 /* Frameworks */ = {
			isa = PBXFrameworksBuildPhase;
			buildActionMask = 2147483647;
			files = (
				F5B7895F29D4C7A400396416 /* OpenAISwift in Frameworks */,
			);
			runOnlyForDeploymentPostprocessing = 0;
		};
		F55F898529D4C6EE006458E0 /* Frameworks */ = {
			isa = PBXFrameworksBuildPhase;
			buildActionMask = 2147483647;
			files = (
			);
			runOnlyForDeploymentPostprocessing = 0;
		};
		F55F898F29D4C6EE006458E0 /* Frameworks */ = {
			isa = PBXFrameworksBuildPhase;
			buildActionMask = 2147483647;
			files = (
			);
			runOnlyForDeploymentPostprocessing = 0;
		};
/* End PBXFrameworksBuildPhase section */

/* Begin PBXGroup section */
		F55F896F29D4C6EC006458E0 = {
			isa = PBXGroup;
			children = (
				F55F897A29D4C6EC006458E0 /* AIChatApp */,
				F55F898B29D4C6EE006458E0 /* AIChatAppTests */,
				F55F899529D4C6EE006458E0 /* AIChatAppUITests */,
				F55F897929D4C6EC006458E0 /* Products */,
			);
			sourceTree = "<group>";
		};
		F55F897929D4C6EC006458E0 /* Products */ = {
			isa = PBXGroup;
			children = (
				F55F897829D4C6EC006458E0 /* Money Chat.app */,
				F55F898829D4C6EE006458E0 /* Money Chat.xctest */,
				F55F899229D4C6EE006458E0 /* Money ChatUITests.xctest */,
			);
			name = Products;
			sourceTree = "<group>";
		};
		F55F897A29D4C6EC006458E0 /* AIChatApp */ = {
			isa = PBXGroup;
			children = (
				F55F897B29D4C6EC006458E0 /* AIChatAppApp.swift */,
				F55F897D29D4C6EC006458E0 /* ContentView.swift */,
				F5022D8A29D74D470030F85F /* uikit.swift */,
				F55F897F29D4C6EE006458E0 /* Assets.xcassets */,
				F55F898129D4C6EE006458E0 /* Preview Content */,
			);
			path = AIChatApp;
			sourceTree = "<group>";
		};
		F55F898129D4C6EE006458E0 /* Preview Content */ = {
			isa = PBXGroup;
			children = (
				F55F898229D4C6EE006458E0 /* Preview Assets.xcassets */,
			);
			path = "Preview Content";
			sourceTree = "<group>";
		};
		F55F898B29D4C6EE006458E0 /* AIChatAppTests */ = {
			isa = PBXGroup;
			children = (
				F55F898C29D4C6EE006458E0 /* AIChatAppTests.swift */,
			);
			path = AIChatAppTests;
			sourceTree = "<group>";
		};
		F55F899529D4C6EE006458E0 /* AIChatAppUITests */ = {
			isa = PBXGroup;
			children = (
				F55F899629D4C6EE006458E0 /* AIChatAppUITests.swift */,
				F55F899829D4C6EE006458E0 /* AIChatAppUITestsLaunchTests.swift */,
			);
			path = AIChatAppUITests;
			sourceTree = "<group>";
		};
/* End PBXGroup section */

/* Begin PBXNativeTarget section */
		F55F897729D4C6EC006458E0 /* Money Chat */ = {
			isa = PBXNativeTarget;
			buildConfigurationList = F55F899C29D4C6EE006458E0 /* Build configuration list for PBXNativeTarget "Money Chat" */;
			buildPhases = (
				F55F897429D4C6EC006458E0 /* Sources */,
				F55F897529D4C6EC006458E0 /* Frameworks */,
				F55F897629D4C6EC006458E0 /* Resources */,
			);
			buildRules = (
			);
			dependencies = (
			);
			name = "Money Chat";
			packageProductDependencies = (
				F5B7895E29D4C7A400396416 /* OpenAISwift */,
			);
			productName = AIChatApp;
			productReference = F55F897829D4C6EC006458E0 /* Money Chat.app */;
			productType = "com.apple.product-type.application";
		};
		F55F898729D4C6EE006458E0 /* Money ChatTests */ = {
			isa = PBXNativeTarget;
			buildConfigurationList = F55F899F29D4C6EE006458E0 /* Build configuration list for PBXNativeTarget "Money ChatTests" */;
			buildPhases = (
				F55F898429D4C6EE006458E0 /* Sources */,
				F55F898529D4C6EE006458E0 /* Frameworks */,
				F55F898629D4C6EE006458E0 /* Resources */,
			);
			buildRules = (
			);
			dependencies = (
				F55F898A29D4C6EE006458E0 /* PBXTargetDependency */,
			);
			name = "Money ChatTests";
			productName = AIChatAppTests;
			productReference = F55F898829D4C6EE006458E0 /* Money Chat.xctest */;
			productType = "com.apple.product-type.bundle.unit-test";
		};
		F55F899129D4C6EE006458E0 /* Money ChatUITests */ = {
			isa = PBXNativeTarget;
			buildConfigurationList = F55F89A229D4C6EE006458E0 /* Build configuration list for PBXNativeTarget "Money ChatUITests" */;
			buildPhases = (
				F55F898E29D4C6EE006458E0 /* Sources */,
				F55F898F29D4C6EE006458E0 /* Frameworks */,
				F55F899029D4C6EE006458E0 /* Resources */,
			);
			buildRules = (
			);
			dependencies = (
				F55F899429D4C6EE006458E0 /* PBXTargetDependency */,
			);
			name = "Money ChatUITests";
			productName = AIChatAppUITests;
			productReference = F55F899229D4C6EE006458E0 /* Money ChatUITests.xctest */;
			productType = "com.apple.product-type.bundle.ui-testing";
		};
/* End PBXNativeTarget section */

/* Begin PBXProject section */
		F55F897029D4C6EC006458E0 /* Project object */ = {
			isa = PBXProject;
			attributes = {
				BuildIndependentTargetsInParallel = 1;
				LastSwiftUpdateCheck = 1420;
				LastUpgradeCheck = 1420;
				TargetAttributes = {
					F55F897729D4C6EC006458E0 = {
						CreatedOnToolsVersion = 14.2;
					};
					F55F898729D4C6EE006458E0 = {
						CreatedOnToolsVersion = 14.2;
						TestTargetID = F55F897729D4C6EC006458E0;
					};
					F55F899129D4C6EE006458E0 = {
						CreatedOnToolsVersion = 14.2;
						TestTargetID = F55F897729D4C6EC006458E0;
					};
				};
			};
			buildConfigurationList = F55F897329D4C6EC006458E0 /* Build configuration list for PBXProject "Money Chat" */;
			compatibilityVersion = "Xcode 14.0";
			developmentRegion = en;
			hasScannedForEncodings = 0;
			knownRegions = (
				en,
				Base,
			);
			mainGroup = F55F896F29D4C6EC006458E0;
			packageReferences = (
				F5B7895D29D4C7A400396416 /* XCRemoteSwiftPackageReference "OpenAISwift" */,
			);
			productRefGroup = F55F897929D4C6EC006458E0 /* Products */;
			projectDirPath = "";
			projectRoot = "";
			targets = (
				F55F897729D4C6EC006458E0 /* Money Chat */,
				F55F898729D4C6EE006458E0 /* Money ChatTests */,
				F55F899129D4C6EE006458E0 /* Money ChatUITests */,
			);
		};
/* End PBXProject section */

/* Begin PBXResourcesBuildPhase section */
		F55F897629D4C6EC006458E0 /* Resources */ = {
			isa = PBXResourcesBuildPhase;
			buildActionMask = 2147483647;
			files = (
				F55F898329D4C6EE006458E0 /* Preview Assets.xcassets in Resources */,
				F55F898029D4C6EE006458E0 /* Assets.xcassets in Resources */,
			);
			runOnlyForDeploymentPostprocessing = 0;
		};
		F55F898629D4C6EE006458E0 /* Resources */ = {
			isa = PBXResourcesBuildPhase;
			buildActionMask = 2147483647;
			files = (
			);
			runOnlyForDeploymentPostprocessing = 0;
		};
		F55F899029D4C6EE006458E0 /* Resources */ = {
			isa = PBXResourcesBuildPhase;
			buildActionMask = 2147483647;
			files = (
			);
			runOnlyForDeploymentPostprocessing = 0;
		};
/* End PBXResourcesBuildPhase section */

/* Begin PBXSourcesBuildPhase section */
		F55F897429D4C6EC006458E0 /* Sources */ = {
			isa = PBXSourcesBuildPhase;
			buildActionMask = 2147483647;
			files = (
				F5022D8B29D74D470030F85F /* uikit.swift in Sources */,
				F55F897E29D4C6EC006458E0 /* ContentView.swift in Sources */,
				F55F897C29D4C6EC006458E0 /* AIChatAppApp.swift in Sources */,
			);
			runOnlyForDeploymentPostprocessing = 0;
		};
		F55F898429D4C6EE006458E0 /* Sources */ = {
			isa = PBXSourcesBuildPhase;
			buildActionMask = 2147483647;
			files = (
				F55F898D29D4C6EE006458E0 /* AIChatAppTests.swift in Sources */,
			);
			runOnlyForDeploymentPostprocessing = 0;
		};
		F55F898E29D4C6EE006458E0 /* Sources */ = {
			isa = PBXSourcesBuildPhase;
			buildActionMask = 2147483647;
			files = (
				F55F899929D4C6EE006458E0 /* AIChatAppUITestsLaunchTests.swift in Sources */,
				F55F899729D4C6EE006458E0 /* AIChatAppUITests.swift in Sources */,
			);
			runOnlyForDeploymentPostprocessing = 0;
		};
/* End PBXSourcesBuildPhase section */

/* Begin PBXTargetDependency section */
		F55F898A29D4C6EE006458E0 /* PBXTargetDependency */ = {
			isa = PBXTargetDependency;
			target = F55F897729D4C6EC006458E0 /* Money Chat */;
			targetProxy = F55F898929D4C6EE006458E0 /* PBXContainerItemProxy */;
		};
		F55F899429D4C6EE006458E0 /* PBXTargetDependency */ = {
			isa = PBXTargetDependency;
			target = F55F897729D4C6EC006458E0 /* Money Chat */;
			targetProxy = F55F899329D4C6EE006458E0 /* PBXContainerItemProxy */;
		};
/* End PBXTargetDependency section */

/* Begin XCBuildConfiguration section */
		F55F899A29D4C6EE006458E0 /* Debug */ = {
			isa = XCBuildConfiguration;
			buildSettings = {
				ALWAYS_SEARCH_USER_PATHS = NO;
				CLANG_ANALYZER_NONNULL = YES;
				CLANG_ANALYZER_NUMBER_OBJECT_CONVERSION = YES_AGGRESSIVE;
				CLANG_CXX_LANGUAGE_STANDARD = "gnu++20";
				CLANG_ENABLE_MODULES = YES;
				CLANG_ENABLE_OBJC_ARC = YES;
				CLANG_ENABLE_OBJC_WEAK = YES;
				CLANG_WARN_BLOCK_CAPTURE_AUTORELEASING = YES;
				CLANG_WARN_BOOL_CONVERSION = YES;
				CLANG_WARN_COMMA = YES;
				CLANG_WARN_CONSTANT_CONVERSION = YES;
				CLANG_WARN_DEPRECATED_OBJC_IMPLEMENTATIONS = YES;
				CLANG_WARN_DIRECT_OBJC_ISA_USAGE = YES_ERROR;
				CLANG_WARN_DOCUMENTATION_COMMENTS = YES;
				CLANG_WARN_EMPTY_BODY = YES;
				CLANG_WARN_ENUM_CONVERSION = YES;
				CLANG_WARN_INFINITE_RECURSION = YES;
				CLANG_WARN_INT_CONVERSION = YES;
				CLANG_WARN_NON_LITERAL_NULL_CONVERSION = YES;
				CLANG_WARN_OBJC_IMPLICIT_RETAIN_SELF = YES;
				CLANG_WARN_OBJC_LITERAL_CONVERSION = YES;
				CLANG_WARN_OBJC_ROOT_CLASS = YES_ERROR;
				CLANG_WARN_QUOTED_INCLUDE_IN_FRAMEWORK_HEADER = YES;
				CLANG_WARN_RANGE_LOOP_ANALYSIS = YES;
				CLANG_WARN_STRICT_PROTOTYPES = YES;
				CLANG_WARN_SUSPICIOUS_MOVE = YES;
				CLANG_WARN_UNGUARDED_AVAILABILITY = YES_AGGRESSIVE;
				CLANG_WARN_UNREACHABLE_CODE = YES;
				CLANG_WARN__DUPLICATE_METHOD_MATCH = YES;
				COPY_PHASE_STRIP = NO;
				DEBUG_INFORMATION_FORMAT = dwarf;
				ENABLE_STRICT_OBJC_MSGSEND = YES;
				ENABLE_TESTABILITY = YES;
				GCC_C_LANGUAGE_STANDARD = gnu11;
				GCC_DYNAMIC_NO_PIC = NO;
				GCC_NO_COMMON_BLOCKS = YES;
				GCC_OPTIMIZATION_LEVEL = 0;
				GCC_PREPROCESSOR_DEFINITIONS = (
					"DEBUG=1",
					"$(inherited)",
				);
				GCC_WARN_64_TO_32_BIT_CONVERSION = YES;
				GCC_WARN_ABOUT_RETURN_TYPE = YES_ERROR;
				GCC_WARN_UNDECLARED_SELECTOR = YES;
				GCC_WARN_UNINITIALIZED_AUTOS = YES_AGGRESSIVE;
				GCC_WARN_UNUSED_FUNCTION = YES;
				GCC_WARN_UNUSED_VARIABLE = YES;
				IPHONEOS_DEPLOYMENT_TARGET = 16.2;
				MTL_ENABLE_DEBUG_INFO = INCLUDE_SOURCE;
				MTL_FAST_MATH = YES;
				ONLY_ACTIVE_ARCH = YES;
				SDKROOT = iphoneos;
				SWIFT_ACTIVE_COMPILATION_CONDITIONS = DEBUG;
				SWIFT_OPTIMIZATION_LEVEL = "-Onone";
			};
			name = Debug;
		};
		F55F899B29D4C6EE006458E0 /* Release */ = {
			isa = XCBuildConfiguration;
			buildSettings = {
				ALWAYS_SEARCH_USER_PATHS = NO;
				CLANG_ANALYZER_NONNULL = YES;
				CLANG_ANALYZER_NUMBER_OBJECT_CONVERSION = YES_AGGRESSIVE;
				CLANG_CXX_LANGUAGE_STANDARD = "gnu++20";
				CLANG_ENABLE_MODULES = YES;
				CLANG_ENABLE_OBJC_ARC = YES;
				CLANG_ENABLE_OBJC_WEAK = YES;
				CLANG_WARN_BLOCK_CAPTURE_AUTORELEASING = YES;
				CLANG_WARN_BOOL_CONVERSION = YES;
				CLANG_WARN_COMMA = YES;
				CLANG_WARN_CONSTANT_CONVERSION = YES;
				CLANG_WARN_DEPRECATED_OBJC_IMPLEMENTATIONS = YES;
				CLANG_WARN_DIRECT_OBJC_ISA_USAGE = YES_ERROR;
				CLANG_WARN_DOCUMENTATION_COMMENTS = YES;
				CLANG_WARN_EMPTY_BODY = YES;
				CLANG_WARN_ENUM_CONVERSION = YES;
				CLANG_WARN_INFINITE_RECURSION = YES;
				CLANG_WARN_INT_CONVERSION = YES;
				CLANG_WARN_NON_LITERAL_NULL_CONVERSION = YES;
				CLANG_WARN_OBJC_IMPLICIT_RETAIN_SELF = YES;
				CLANG_WARN_OBJC_LITERAL_CONVERSION = YES;
				CLANG_WARN_OBJC_ROOT_CLASS = YES_ERROR;
				CLANG_WARN_QUOTED_INCLUDE_IN_FRAMEWORK_HEADER = YES;
				CLANG_WARN_RANGE_LOOP_ANALYSIS = YES;
				CLANG_WARN_STRICT_PROTOTYPES = YES;
				CLANG_WARN_SUSPICIOUS_MOVE = YES;
				CLANG_WARN_UNGUARDED_AVAILABILITY = YES_AGGRESSIVE;
				CLANG_WARN_UNREACHABLE_CODE = YES;
				CLANG_WARN__DUPLICATE_METHOD_MATCH = YES;
				COPY_PHASE_STRIP = NO;
				DEBUG_INFORMATION_FORMAT = "dwarf-with-dsym";
				ENABLE_NS_ASSERTIONS = NO;
				ENABLE_STRICT_OBJC_MSGSEND = YES;
				GCC_C_LANGUAGE_STANDARD = gnu11;
				GCC_NO_COMMON_BLOCKS = YES;
				GCC_WARN_64_TO_32_BIT_CONVERSION = YES;
				GCC_WARN_ABOUT_RETURN_TYPE = YES_ERROR;
				GCC_WARN_UNDECLARED_SELECTOR = YES;
				GCC_WARN_UNINITIALIZED_AUTOS = YES_AGGRESSIVE;
				GCC_WARN_UNUSED_FUNCTION = YES;
				GCC_WARN_UNUSED_VARIABLE = YES;
				IPHONEOS_DEPLOYMENT_TARGET = 16.2;
				MTL_ENABLE_DEBUG_INFO = NO;
				MTL_FAST_MATH = YES;
				SDKROOT = iphoneos;
				SWIFT_COMPILATION_MODE = wholemodule;
				SWIFT_OPTIMIZATION_LEVEL = "-O";
				VALIDATE_PRODUCT = YES;
			};
			name = Release;
		};
		F55F899D29D4C6EE006458E0 /* Debug */ = {
			isa = XCBuildConfiguration;
			buildSettings = {
				ASSETCATALOG_COMPILER_APPICON_NAME = AppIcon;
				ASSETCATALOG_COMPILER_GLOBAL_ACCENT_COLOR_NAME = AccentColor;
				CODE_SIGN_STYLE = Automatic;
				CURRENT_PROJECT_VERSION = 1;
				DEVELOPMENT_ASSET_PATHS = "\"AIChatApp/Preview Content\"";
				DEVELOPMENT_TEAM = 8N7W6ZM9KY;
				ENABLE_PREVIEWS = YES;
				GENERATE_INFOPLIST_FILE = YES;
				INFOPLIST_KEY_LSApplicationCategoryType = "public.app-category.productivity";
				INFOPLIST_KEY_UIApplicationSceneManifest_Generation = YES;
				INFOPLIST_KEY_UIApplicationSupportsIndirectInputEvents = YES;
				INFOPLIST_KEY_UILaunchScreen_Generation = YES;
				INFOPLIST_KEY_UISupportedInterfaceOrientations = "UIInterfaceOrientationLandscapeLeft UIInterfaceOrientationLandscapeRight UIInterfaceOrientationPortrait UIInterfaceOrientationPortraitUpsideDown";
				IPHONEOS_DEPLOYMENT_TARGET = 16.0;
				LD_RUNPATH_SEARCH_PATHS = (
					"$(inherited)",
					"@executable_path/Frameworks",
				);
				MARKETING_VERSION = 1.0;
				PRODUCT_BUNDLE_IDENTIFIER = "Money.Money-Chat";
				PRODUCT_NAME = "$(TARGET_NAME)";
				SWIFT_EMIT_LOC_STRINGS = YES;
				SWIFT_VERSION = 5.0;
				TARGETED_DEVICE_FAMILY = "1,2";
			};
			name = Debug;
		};
		F55F899E29D4C6EE006458E0 /* Release */ = {
			isa = XCBuildConfiguration;
			buildSettings = {
				ASSETCATALOG_COMPILER_APPICON_NAME = AppIcon;
				ASSETCATALOG_COMPILER_GLOBAL_ACCENT_COLOR_NAME = AccentColor;
				CODE_SIGN_STYLE = Automatic;
				CURRENT_PROJECT_VERSION = 1;
				DEVELOPMENT_ASSET_PATHS = "\"AIChatApp/Preview Content\"";
				DEVELOPMENT_TEAM = 8N7W6ZM9KY;
				ENABLE_PREVIEWS = YES;
				GENERATE_INFOPLIST_FILE = YES;
				INFOPLIST_KEY_LSApplicationCategoryType = "public.app-category.productivity";
				INFOPLIST_KEY_UIApplicationSceneManifest_Generation = YES;
				INFOPLIST_KEY_UIApplicationSupportsIndirectInputEvents = YES;
				INFOPLIST_KEY_UILaunchScreen_Generation = YES;
				INFOPLIST_KEY_UISupportedInterfaceOrientations = "UIInterfaceOrientationLandscapeLeft UIInterfaceOrientationLandscapeRight UIInterfaceOrientationPortrait UIInterfaceOrientationPortraitUpsideDown";
				IPHONEOS_DEPLOYMENT_TARGET = 16.0;
				LD_RUNPATH_SEARCH_PATHS = (
					"$(inherited)",
					"@executable_path/Frameworks",
				);
				MARKETING_VERSION = 1.0;
				PRODUCT_BUNDLE_IDENTIFIER = "Money.Money-Chat";
				PRODUCT_NAME = "$(TARGET_NAME)";
				SWIFT_EMIT_LOC_STRINGS = YES;
				SWIFT_VERSION = 5.0;
				TARGETED_DEVICE_FAMILY = "1,2";
			};
			name = Release;
		};
		F55F89A029D4C6EE006458E0 /* Debug */ = {
			isa = XCBuildConfiguration;
			buildSettings = {
				ALWAYS_EMBED_SWIFT_STANDARD_LIBRARIES = YES;
				BUNDLE_LOADER = "$(TEST_HOST)";
				CODE_SIGN_STYLE = Automatic;
				CURRENT_PROJECT_VERSION = 1;
				DEVELOPMENT_TEAM = 8N7W6ZM9KY;
				GENERATE_INFOPLIST_FILE = YES;
				IPHONEOS_DEPLOYMENT_TARGET = 16.2;
				MARKETING_VERSION = 1.0;
				PRODUCT_BUNDLE_IDENTIFIER = Money.AIChatAppTests;
				PRODUCT_NAME = "Money Chat";
				SWIFT_EMIT_LOC_STRINGS = NO;
				SWIFT_VERSION = 5.0;
				TARGETED_DEVICE_FAMILY = "1,2";
				TEST_HOST = "$(BUILT_PRODUCTS_DIR)/Money Chat.app/$(BUNDLE_EXECUTABLE_FOLDER_PATH)/Money Chat";
			};
			name = Debug;
		};
		F55F89A129D4C6EE006458E0 /* Release */ = {
			isa = XCBuildConfiguration;
			buildSettings = {
				ALWAYS_EMBED_SWIFT_STANDARD_LIBRARIES = YES;
				BUNDLE_LOADER = "$(TEST_HOST)";
				CODE_SIGN_STYLE = Automatic;
				CURRENT_PROJECT_VERSION = 1;
				DEVELOPMENT_TEAM = 8N7W6ZM9KY;
				GENERATE_INFOPLIST_FILE = YES;
				IPHONEOS_DEPLOYMENT_TARGET = 16.2;
				MARKETING_VERSION = 1.0;
				PRODUCT_BUNDLE_IDENTIFIER = Money.AIChatAppTests;
				PRODUCT_NAME = "Money Chat";
				SWIFT_EMIT_LOC_STRINGS = NO;
				SWIFT_VERSION = 5.0;
				TARGETED_DEVICE_FAMILY = "1,2";
				TEST_HOST = "$(BUILT_PRODUCTS_DIR)/Money Chat.app/$(BUNDLE_EXECUTABLE_FOLDER_PATH)/Money Chat";
			};
			name = Release;
		};
		F55F89A329D4C6EE006458E0 /* Debug */ = {
			isa = XCBuildConfiguration;
			buildSettings = {
				ALWAYS_EMBED_SWIFT_STANDARD_LIBRARIES = YES;
				CODE_SIGN_STYLE = Automatic;
				CURRENT_PROJECT_VERSION = 1;
				DEVELOPMENT_TEAM = 8N7W6ZM9KY;
				GENERATE_INFOPLIST_FILE = YES;
				MARKETING_VERSION = 1.0;
				PRODUCT_BUNDLE_IDENTIFIER = Money.AIChatAppUITests;
				PRODUCT_NAME = "$(TARGET_NAME)";
				SWIFT_EMIT_LOC_STRINGS = NO;
				SWIFT_VERSION = 5.0;
				TARGETED_DEVICE_FAMILY = "1,2";
				TEST_TARGET_NAME = AIChatApp;
			};
			name = Debug;
		};
		F55F89A429D4C6EE006458E0 /* Release */ = {
			isa = XCBuildConfiguration;
			buildSettings = {
				ALWAYS_EMBED_SWIFT_STANDARD_LIBRARIES = YES;
				CODE_SIGN_STYLE = Automatic;
				CURRENT_PROJECT_VERSION = 1;
				DEVELOPMENT_TEAM = 8N7W6ZM9KY;
				GENERATE_INFOPLIST_FILE = YES;
				MARKETING_VERSION = 1.0;
				PRODUCT_BUNDLE_IDENTIFIER = Money.AIChatAppUITests;
				PRODUCT_NAME = "$(TARGET_NAME)";
				SWIFT_EMIT_LOC_STRINGS = NO;
				SWIFT_VERSION = 5.0;
				TARGETED_DEVICE_FAMILY = "1,2";
				TEST_TARGET_NAME = AIChatApp;
			};
			name = Release;
		};
/* End XCBuildConfiguration section */

/* Begin XCConfigurationList section */
		F55F897329D4C6EC006458E0 /* Build configuration list for PBXProject "Money Chat" */ = {
			isa = XCConfigurationList;
			buildConfigurations = (
				F55F899A29D4C6EE006458E0 /* Debug */,
				F55F899B29D4C6EE006458E0 /* Release */,
			);
			defaultConfigurationIsVisible = 0;
			defaultConfigurationName = Release;
		};
		F55F899C29D4C6EE006458E0 /* Build configuration list for PBXNativeTarget "Money Chat" */ = {
			isa = XCConfigurationList;
			buildConfigurations = (
				F55F899D29D4C6EE006458E0 /* Debug */,
				F55F899E29D4C6EE006458E0 /* Release */,
			);
			defaultConfigurationIsVisible = 0;
			defaultConfigurationName = Release;
		};
		F55F899F29D4C6EE006458E0 /* Build configuration list for PBXNativeTarget "Money ChatTests" */ = {
			isa = XCConfigurationList;
			buildConfigurations = (
				F55F89A029D4C6EE006458E0 /* Debug */,
				F55F89A129D4C6EE006458E0 /* Release */,
			);
			defaultConfigurationIsVisible = 0;
			defaultConfigurationName = Release;
		};
		F55F89A229D4C6EE006458E0 /* Build configuration list for PBXNativeTarget "Money ChatUITests" */ = {
			isa = XCConfigurationList;
			buildConfigurations = (
				F55F89A329D4C6EE006458E0 /* Debug */,
				F55F89A429D4C6EE006458E0 /* Release */,
			);
			defaultConfigurationIsVisible = 0;
			defaultConfigurationName = Release;
		};
/* End XCConfigurationList section */

/* Begin XCRemoteSwiftPackageReference section */
		F5B7895D29D4C7A400396416 /* XCRemoteSwiftPackageReference "OpenAISwift" */ = {
			isa = XCRemoteSwiftPackageReference;
			repositoryURL = "https://github.com/adamrushy/OpenAISwift";
			requirement = {
				kind = upToNextMajorVersion;
				minimumVersion = 1.0.0;
			};
		};
/* End XCRemoteSwiftPackageReference section */

/* Begin XCSwiftPackageProductDependency section */
		F5B7895E29D4C7A400396416 /* OpenAISwift */ = {
			isa = XCSwiftPackageProductDependency;
			package = F5B7895D29D4C7A400396416 /* XCRemoteSwiftPackageReference "OpenAISwift" */;
			productName = OpenAISwift;
		};
/* End XCSwiftPackageProductDependency section */
	};
	rootObject = F55F897029D4C6EC006458E0 /* Project object */;
}
